// !$*UTF8*$!
{
	archiveVersion = 1;
	classes = {
	};
	objectVersion = 50;
	objects = {

/* Begin PBXBuildFile section */
		34BF3599216BF42300F474E1 /* AppDelegate.swift in Sources */ = {isa = PBXBuildFile; fileRef = 34BF3598216BF42300F474E1 /* AppDelegate.swift */; };
		34BF359B216BF42300F474E1 /* ViewController.swift in Sources */ = {isa = PBXBuildFile; fileRef = 34BF359A216BF42300F474E1 /* ViewController.swift */; };
		34BF359E216BF42300F474E1 /* Main.storyboard in Resources */ = {isa = PBXBuildFile; fileRef = 34BF359C216BF42300F474E1 /* Main.storyboard */; };
		34BF35A0216BF42400F474E1 /* Assets.xcassets in Resources */ = {isa = PBXBuildFile; fileRef = 34BF359F216BF42400F474E1 /* Assets.xcassets */; };
		34BF35A3216BF42400F474E1 /* LaunchScreen.storyboard in Resources */ = {isa = PBXBuildFile; fileRef = 34BF35A1216BF42400F474E1 /* LaunchScreen.storyboard */; };
		34BF35AE216BF42400F474E1 /* CanvasTests.swift in Sources */ = {isa = PBXBuildFile; fileRef = 34BF35AD216BF42400F474E1 /* CanvasTests.swift */; };
		34BF35B9216BF42400F474E1 /* CanvasUITests.swift in Sources */ = {isa = PBXBuildFile; fileRef = 34BF35B8216BF42400F474E1 /* CanvasUITests.swift */; };
/* End PBXBuildFile section */

/* Begin PBXContainerItemProxy section */
		34BF35AA216BF42400F474E1 /* PBXContainerItemProxy */ = {
			isa = PBXContainerItemProxy;
			containerPortal = 34BF358D216BF42300F474E1 /* Project object */;
			proxyType = 1;
			remoteGlobalIDString = 34BF3594216BF42300F474E1;
			remoteInfo = Canvas;
		};
		34BF35B5216BF42400F474E1 /* PBXContainerItemProxy */ = {
			isa = PBXContainerItemProxy;
			containerPortal = 34BF358D216BF42300F474E1 /* Project object */;
			proxyType = 1;
			remoteGlobalIDString = 34BF3594216BF42300F474E1;
			remoteInfo = Canvas;
		};
/* End PBXContainerItemProxy section */

/* Begin PBXFileReference section */
		34BF3595216BF42300F474E1 /* Canvas.app */ = {isa = PBXFileReference; explicitFileType = wrapper.application; includeInIndex = 0; path = Canvas.app; sourceTree = BUILT_PRODUCTS_DIR; };
		34BF3598216BF42300F474E1 /* AppDelegate.swift */ = {isa = PBXFileReference; lastKnownFileType = sourcecode.swift; path = AppDelegate.swift; sourceTree = "<group>"; };
		34BF359A216BF42300F474E1 /* ViewController.swift */ = {isa = PBXFileReference; lastKnownFileType = sourcecode.swift; path = ViewController.swift; sourceTree = "<group>"; };
		34BF359D216BF42300F474E1 /* Base */ = {isa = PBXFileReference; lastKnownFileType = file.storyboard; name = Base; path = Base.lproj/Main.storyboard; sourceTree = "<group>"; };
		34BF359F216BF42400F474E1 /* Assets.xcassets */ = {isa = PBXFileReference; lastKnownFileType = folder.assetcatalog; path = Assets.xcassets; sourceTree = "<group>"; };
		34BF35A2216BF42400F474E1 /* Base */ = {isa = PBXFileReference; lastKnownFileType = file.storyboard; name = Base; path = Base.lproj/LaunchScreen.storyboard; sourceTree = "<group>"; };
		34BF35A4216BF42400F474E1 /* Info.plist */ = {isa = PBXFileReference; lastKnownFileType = text.plist.xml; path = Info.plist; sourceTree = "<group>"; };
		34BF35A9216BF42400F474E1 /* CanvasTests.xctest */ = {isa = PBXFileReference; explicitFileType = wrapper.cfbundle; includeInIndex = 0; path = CanvasTests.xctest; sourceTree = BUILT_PRODUCTS_DIR; };
		34BF35AD216BF42400F474E1 /* CanvasTests.swift */ = {isa = PBXFileReference; lastKnownFileType = sourcecode.swift; path = CanvasTests.swift; sourceTree = "<group>"; };
		34BF35AF216BF42400F474E1 /* Info.plist */ = {isa = PBXFileReference; lastKnownFileType = text.plist.xml; path = Info.plist; sourceTree = "<group>"; };
		34BF35B4216BF42400F474E1 /* CanvasUITests.xctest */ = {isa = PBXFileReference; explicitFileType = wrapper.cfbundle; includeInIndex = 0; path = CanvasUITests.xctest; sourceTree = BUILT_PRODUCTS_DIR; };
		34BF35B8216BF42400F474E1 /* CanvasUITests.swift */ = {isa = PBXFileReference; lastKnownFileType = sourcecode.swift; path = CanvasUITests.swift; sourceTree = "<group>"; };
		34BF35BA216BF42500F474E1 /* Info.plist */ = {isa = PBXFileReference; lastKnownFileType = text.plist.xml; path = Info.plist; sourceTree = "<group>"; };
/* End PBXFileReference section */

/* Begin PBXFrameworksBuildPhase section */
		34BF3592216BF42300F474E1 /* Frameworks */ = {
			isa = PBXFrameworksBuildPhase;
			buildActionMask = 2147483647;
			files = (
			);
			runOnlyForDeploymentPostprocessing = 0;
		};
		34BF35A6216BF42400F474E1 /* Frameworks */ = {
			isa = PBXFrameworksBuildPhase;
			buildActionMask = 2147483647;
			files = (
			);
			runOnlyForDeploymentPostprocessing = 0;
		};
		34BF35B1216BF42400F474E1 /* Frameworks */ = {
			isa = PBXFrameworksBuildPhase;
			buildActionMask = 2147483647;
			files = (
			);
			runOnlyForDeploymentPostprocessing = 0;
		};
/* End PBXFrameworksBuildPhase section */

/* Begin PBXGroup section */
		34BF358C216BF42300F474E1 = {
			isa = PBXGroup;
			children = (
				34BF3597216BF42300F474E1 /* Canvas */,
				34BF35AC216BF42400F474E1 /* CanvasTests */,
				34BF35B7216BF42400F474E1 /* CanvasUITests */,
				34BF3596216BF42300F474E1 /* Products */,
			);
			sourceTree = "<group>";
		};
		34BF3596216BF42300F474E1 /* Products */ = {
			isa = PBXGroup;
			children = (
				34BF3595216BF42300F474E1 /* Canvas.app */,
				34BF35A9216BF42400F474E1 /* CanvasTests.xctest */,
				34BF35B4216BF42400F474E1 /* CanvasUITests.xctest */,
			);
			name = Products;
			sourceTree = "<group>";
		};
		34BF3597216BF42300F474E1 /* Canvas */ = {
			isa = PBXGroup;
			children = (
				34BF3598216BF42300F474E1 /* AppDelegate.swift */,
				34BF359A216BF42300F474E1 /* ViewController.swift */,
				34BF359C216BF42300F474E1 /* Main.storyboard */,
				34BF359F216BF42400F474E1 /* Assets.xcassets */,
				34BF35A1216BF42400F474E1 /* LaunchScreen.storyboard */,
				34BF35A4216BF42400F474E1 /* Info.plist */,
			);
			path = Canvas;
			sourceTree = "<group>";
		};
		34BF35AC216BF42400F474E1 /* CanvasTests */ = {
			isa = PBXGroup;
			children = (
				34BF35AD216BF42400F474E1 /* CanvasTests.swift */,
				34BF35AF216BF42400F474E1 /* Info.plist */,
			);
			path = CanvasTests;
			sourceTree = "<group>";
		};
		34BF35B7216BF42400F474E1 /* CanvasUITests */ = {
			isa = PBXGroup;
			children = (
				34BF35B8216BF42400F474E1 /* CanvasUITests.swift */,
				34BF35BA216BF42500F474E1 /* Info.plist */,
			);
			path = CanvasUITests;
			sourceTree = "<group>";
		};
/* End PBXGroup section */

/* Begin PBXNativeTarget section */
		34BF3594216BF42300F474E1 /* Canvas */ = {
			isa = PBXNativeTarget;
			buildConfigurationList = 34BF35BD216BF42500F474E1 /* Build configuration list for PBXNativeTarget "Canvas" */;
			buildPhases = (
				34BF3591216BF42300F474E1 /* Sources */,
				34BF3592216BF42300F474E1 /* Frameworks */,
				34BF3593216BF42300F474E1 /* Resources */,
			);
			buildRules = (
			);
			dependencies = (
			);
			name = Canvas;
			productName = Canvas;
			productReference = 34BF3595216BF42300F474E1 /* Canvas.app */;
			productType = "com.apple.product-type.application";
		};
		34BF35A8216BF42400F474E1 /* CanvasTests */ = {
			isa = PBXNativeTarget;
			buildConfigurationList = 34BF35C0216BF42500F474E1 /* Build configuration list for PBXNativeTarget "CanvasTests" */;
			buildPhases = (
				34BF35A5216BF42400F474E1 /* Sources */,
				34BF35A6216BF42400F474E1 /* Frameworks */,
				34BF35A7216BF42400F474E1 /* Resources */,
			);
			buildRules = (
			);
			dependencies = (
				34BF35AB216BF42400F474E1 /* PBXTargetDependency */,
			);
			name = CanvasTests;
			productName = CanvasTests;
			productReference = 34BF35A9216BF42400F474E1 /* CanvasTests.xctest */;
			productType = "com.apple.product-type.bundle.unit-test";
		};
		34BF35B3216BF42400F474E1 /* CanvasUITests */ = {
			isa = PBXNativeTarget;
			buildConfigurationList = 34BF35C3216BF42500F474E1 /* Build configuration list for PBXNativeTarget "CanvasUITests" */;
			buildPhases = (
				34BF35B0216BF42400F474E1 /* Sources */,
				34BF35B1216BF42400F474E1 /* Frameworks */,
				34BF35B2216BF42400F474E1 /* Resources */,
			);
			buildRules = (
			);
			dependencies = (
				34BF35B6216BF42400F474E1 /* PBXTargetDependency */,
			);
			name = CanvasUITests;
			productName = CanvasUITests;
			productReference = 34BF35B4216BF42400F474E1 /* CanvasUITests.xctest */;
			productType = "com.apple.product-type.bundle.ui-testing";
		};
/* End PBXNativeTarget section */

/* Begin PBXProject section */
		34BF358D216BF42300F474E1 /* Project object */ = {
			isa = PBXProject;
			attributes = {
				LastSwiftUpdateCheck = 0940;
				LastUpgradeCheck = 0940;
				ORGANIZATIONNAME = "Pat Khai";
				TargetAttributes = {
					34BF3594216BF42300F474E1 = {
						CreatedOnToolsVersion = 9.4.1;
					};
					34BF35A8216BF42400F474E1 = {
						CreatedOnToolsVersion = 9.4.1;
						TestTargetID = 34BF3594216BF42300F474E1;
					};
					34BF35B3216BF42400F474E1 = {
						CreatedOnToolsVersion = 9.4.1;
						TestTargetID = 34BF3594216BF42300F474E1;
					};
				};
			};
			buildConfigurationList = 34BF3590216BF42300F474E1 /* Build configuration list for PBXProject "Canvas" */;
			compatibilityVersion = "Xcode 9.3";
			developmentRegion = en;
			hasScannedForEncodings = 0;
			knownRegions = (
				en,
				Base,
			);
			mainGroup = 34BF358C216BF42300F474E1;
			productRefGroup = 34BF3596216BF42300F474E1 /* Products */;
			projectDirPath = "";
			projectRoot = "";
			targets = (
				34BF3594216BF42300F474E1 /* Canvas */,
				34BF35A8216BF42400F474E1 /* CanvasTests */,
				34BF35B3216BF42400F474E1 /* CanvasUITests */,
			);
		};
/* End PBXProject section */

/* Begin PBXResourcesBuildPhase section */
		34BF3593216BF42300F474E1 /* Resources */ = {
			isa = PBXResourcesBuildPhase;
			buildActionMask = 2147483647;
			files = (
				34BF35A3216BF42400F474E1 /* LaunchScreen.storyboard in Resources */,
				34BF35A0216BF42400F474E1 /* Assets.xcassets in Resources */,
				34BF359E216BF42300F474E1 /* Main.storyboard in Resources */,
			);
			runOnlyForDeploymentPostprocessing = 0;
		};
		34BF35A7216BF42400F474E1 /* Resources */ = {
			isa = PBXResourcesBuildPhase;
			buildActionMask = 2147483647;
			files = (
			);
			runOnlyForDeploymentPostprocessing = 0;
		};
		34BF35B2216BF42400F474E1 /* Resources */ = {
			isa = PBXResourcesBuildPhase;
			buildActionMask = 2147483647;
			files = (
			);
			runOnlyForDeploymentPostprocessing = 0;
		};
/* End PBXResourcesBuildPhase section */

/* Begin PBXSourcesBuildPhase section */
		34BF3591216BF42300F474E1 /* Sources */ = {
			isa = PBXSourcesBuildPhase;
			buildActionMask = 2147483647;
			files = (
				34BF359B216BF42300F474E1 /* ViewController.swift in Sources */,
				34BF3599216BF42300F474E1 /* AppDelegate.swift in Sources */,
			);
			runOnlyForDeploymentPostprocessing = 0;
		};
		34BF35A5216BF42400F474E1 /* Sources */ = {
			isa = PBXSourcesBuildPhase;
			buildActionMask = 2147483647;
			files = (
				34BF35AE216BF42400F474E1 /* CanvasTests.swift in Sources */,
			);
			runOnlyForDeploymentPostprocessing = 0;
		};
		34BF35B0216BF42400F474E1 /* Sources */ = {
			isa = PBXSourcesBuildPhase;
			buildActionMask = 2147483647;
			files = (
				34BF35B9216BF42400F474E1 /* CanvasUITests.swift in Sources */,
			);
			runOnlyForDeploymentPostprocessing = 0;
		};
/* End PBXSourcesBuildPhase section */

/* Begin PBXTargetDependency section */
		34BF35AB216BF42400F474E1 /* PBXTargetDependency */ = {
			isa = PBXTargetDependency;
			target = 34BF3594216BF42300F474E1 /* Canvas */;
			targetProxy = 34BF35AA216BF42400F474E1 /* PBXContainerItemProxy */;
		};
		34BF35B6216BF42400F474E1 /* PBXTargetDependency */ = {
			isa = PBXTargetDependency;
			target = 34BF3594216BF42300F474E1 /* Canvas */;
			targetProxy = 34BF35B5216BF42400F474E1 /* PBXContainerItemProxy */;
		};
/* End PBXTargetDependency section */

/* Begin PBXVariantGroup section */
		34BF359C216BF42300F474E1 /* Main.storyboard */ = {
			isa = PBXVariantGroup;
			children = (
				34BF359D216BF42300F474E1 /* Base */,
			);
			name = Main.storyboard;
			sourceTree = "<group>";
		};
		34BF35A1216BF42400F474E1 /* LaunchScreen.storyboard */ = {
			isa = PBXVariantGroup;
			children = (
				34BF35A2216BF42400F474E1 /* Base */,
			);
			name = LaunchScreen.storyboard;
			sourceTree = "<group>";
		};
/* End PBXVariantGroup section */

/* Begin XCBuildConfiguration section */
		34BF35BB216BF42500F474E1 /* Debug */ = {
			isa = XCBuildConfiguration;
			buildSettings = {
				ALWAYS_SEARCH_USER_PATHS = NO;
				CLANG_ANALYZER_NONNULL = YES;
				CLANG_ANALYZER_NUMBER_OBJECT_CONVERSION = YES_AGGRESSIVE;
				CLANG_CXX_LANGUAGE_STANDARD = "gnu++14";
				CLANG_CXX_LIBRARY = "libc++";
				CLANG_ENABLE_MODULES = YES;
				CLANG_ENABLE_OBJC_ARC = YES;
				CLANG_ENABLE_OBJC_WEAK = YES;
				CLANG_WARN_BLOCK_CAPTURE_AUTORELEASING = YES;
				CLANG_WARN_BOOL_CONVERSION = YES;
				CLANG_WARN_COMMA = YES;
				CLANG_WARN_CONSTANT_CONVERSION = YES;
				CLANG_WARN_DEPRECATED_OBJC_IMPLEMENTATIONS = YES;
				CLANG_WARN_DIRECT_OBJC_ISA_USAGE = YES_ERROR;
				CLANG_WARN_DOCUMENTATION_COMMENTS = YES;
				CLANG_WARN_EMPTY_BODY = YES;
				CLANG_WARN_ENUM_CONVERSION = YES;
				CLANG_WARN_INFINITE_RECURSION = YES;
				CLANG_WARN_INT_CONVERSION = YES;
				CLANG_WARN_NON_LITERAL_NULL_CONVERSION = YES;
				CLANG_WARN_OBJC_IMPLICIT_RETAIN_SELF = YES;
				CLANG_WARN_OBJC_LITERAL_CONVERSION = YES;
				CLANG_WARN_OBJC_ROOT_CLASS = YES_ERROR;
				CLANG_WARN_RANGE_LOOP_ANALYSIS = YES;
				CLANG_WARN_STRICT_PROTOTYPES = YES;
				CLANG_WARN_SUSPICIOUS_MOVE = YES;
				CLANG_WARN_UNGUARDED_AVAILABILITY = YES_AGGRESSIVE;
				CLANG_WARN_UNREACHABLE_CODE = YES;
				CLANG_WARN__DUPLICATE_METHOD_MATCH = YES;
				CODE_SIGN_IDENTITY = "iPhone Developer";
				COPY_PHASE_STRIP = NO;
				DEBUG_INFORMATION_FORMAT = dwarf;
				ENABLE_STRICT_OBJC_MSGSEND = YES;
				ENABLE_TESTABILITY = YES;
				GCC_C_LANGUAGE_STANDARD = gnu11;
				GCC_DYNAMIC_NO_PIC = NO;
				GCC_NO_COMMON_BLOCKS = YES;
				GCC_OPTIMIZATION_LEVEL = 0;
				GCC_PREPROCESSOR_DEFINITIONS = (
					"DEBUG=1",
					"$(inherited)",
				);
				GCC_WARN_64_TO_32_BIT_CONVERSION = YES;
				GCC_WARN_ABOUT_RETURN_TYPE = YES_ERROR;
				GCC_WARN_UNDECLARED_SELECTOR = YES;
				GCC_WARN_UNINITIALIZED_AUTOS = YES_AGGRESSIVE;
				GCC_WARN_UNUSED_FUNCTION = YES;
				GCC_WARN_UNUSED_VARIABLE = YES;
				IPHONEOS_DEPLOYMENT_TARGET = 11.4;
				MTL_ENABLE_DEBUG_INFO = YES;
				ONLY_ACTIVE_ARCH = YES;
				SDKROOT = iphoneos;
				SWIFT_ACTIVE_COMPILATION_CONDITIONS = DEBUG;
				SWIFT_OPTIMIZATION_LEVEL = "-Onone";
			};
			name = Debug;
		};
		34BF35BC216BF42500F474E1 /* Release */ = {
			isa = XCBuildConfiguration;
			buildSettings = {
				ALWAYS_SEARCH_USER_PATHS = NO;
				CLANG_ANALYZER_NONNULL = YES;
				CLANG_ANALYZER_NUMBER_OBJECT_CONVERSION = YES_AGGRESSIVE;
				CLANG_CXX_LANGUAGE_STANDARD = "gnu++14";
				CLANG_CXX_LIBRARY = "libc++";
				CLANG_ENABLE_MODULES = YES;
				CLANG_ENABLE_OBJC_ARC = YES;
				CLANG_ENABLE_OBJC_WEAK = YES;
				CLANG_WARN_BLOCK_CAPTURE_AUTORELEASING = YES;
				CLANG_WARN_BOOL_CONVERSION = YES;
				CLANG_WARN_COMMA = YES;
				CLANG_WARN_CONSTANT_CONVERSION = YES;
				CLANG_WARN_DEPRECATED_OBJC_IMPLEMENTATIONS = YES;
				CLANG_WARN_DIRECT_OBJC_ISA_USAGE = YES_ERROR;
				CLANG_WARN_DOCUMENTATION_COMMENTS = YES;
				CLANG_WARN_EMPTY_BODY = YES;
				CLANG_WARN_ENUM_CONVERSION = YES;
				CLANG_WARN_INFINITE_RECURSION = YES;
				CLANG_WARN_INT_CONVERSION = YES;
				CLANG_WARN_NON_LITERAL_NULL_CONVERSION = YES;
				CLANG_WARN_OBJC_IMPLICIT_RETAIN_SELF = YES;
				CLANG_WARN_OBJC_LITERAL_CONVERSION = YES;
				CLANG_WARN_OBJC_ROOT_CLASS = YES_ERROR;
				CLANG_WARN_RANGE_LOOP_ANALYSIS = YES;
				CLANG_WARN_STRICT_PROTOTYPES = YES;
				CLANG_WARN_SUSPICIOUS_MOVE = YES;
				CLANG_WARN_UNGUARDED_AVAILABILITY = YES_AGGRESSIVE;
				CLANG_WARN_UNREACHABLE_CODE = YES;
				CLANG_WARN__DUPLICATE_METHOD_MATCH = YES;
				CODE_SIGN_IDENTITY = "iPhone Developer";
				COPY_PHASE_STRIP = NO;
				DEBUG_INFORMATION_FORMAT = "dwarf-with-dsym";
				ENABLE_NS_ASSERTIONS = NO;
				ENABLE_STRICT_OBJC_MSGSEND = YES;
				GCC_C_LANGUAGE_STANDARD = gnu11;
				GCC_NO_COMMON_BLOCKS = YES;
				GCC_WARN_64_TO_32_BIT_CONVERSION = YES;
				GCC_WARN_ABOUT_RETURN_TYPE = YES_ERROR;
				GCC_WARN_UNDECLARED_SELECTOR = YES;
				GCC_WARN_UNINITIALIZED_AUTOS = YES_AGGRESSIVE;
				GCC_WARN_UNUSED_FUNCTION = YES;
				GCC_WARN_UNUSED_VARIABLE = YES;
				IPHONEOS_DEPLOYMENT_TARGET = 11.4;
				MTL_ENABLE_DEBUG_INFO = NO;
				SDKROOT = iphoneos;
				SWIFT_COMPILATION_MODE = wholemodule;
				SWIFT_OPTIMIZATION_LEVEL = "-O";
				VALIDATE_PRODUCT = YES;
			};
			name = Release;
		};
		34BF35BE216BF42500F474E1 /* Debug */ = {
			isa = XCBuildConfiguration;
			buildSettings = {
				ASSETCATALOG_COMPILER_APPICON_NAME = AppIcon;
				CODE_SIGN_STYLE = Automatic;
				DEVELOPMENT_TEAM = CK4V98BSP8;
				INFOPLIST_FILE = Canvas/Info.plist;
				LD_RUNPATH_SEARCH_PATHS = (
					"$(inherited)",
					"@executable_path/Frameworks",
				);
				PRODUCT_BUNDLE_IDENTIFIER = patkhai.Canvas;
				PRODUCT_NAME = "$(TARGET_NAME)";
				SWIFT_VERSION = 4.0;
				TARGETED_DEVICE_FAMILY = "1,2";
			};
			name = Debug;
		};
		34BF35BF216BF42500F474E1 /* Release */ = {
			isa = XCBuildConfiguration;
			buildSettings = {
				ASSETCATALOG_COMPILER_APPICON_NAME = AppIcon;
				CODE_SIGN_STYLE = Automatic;
				DEVELOPMENT_TEAM = CK4V98BSP8;
				INFOPLIST_FILE = Canvas/Info.plist;
				LD_RUNPATH_SEARCH_PATHS = (
					"$(inherited)",
					"@executable_path/Frameworks",
				);
				PRODUCT_BUNDLE_IDENTIFIER = patkhai.Canvas;
				PRODUCT_NAME = "$(TARGET_NAME)";
				SWIFT_VERSION = 4.0;
				TARGETED_DEVICE_FAMILY = "1,2";
			};
			name = Release;
		};
		34BF35C1216BF42500F474E1 /* Debug */ = {
			isa = XCBuildConfiguration;
			buildSettings = {
				ALWAYS_EMBED_SWIFT_STANDARD_LIBRARIES = YES;
				BUNDLE_LOADER = "$(TEST_HOST)";
				CODE_SIGN_STYLE = Automatic;
				DEVELOPMENT_TEAM = CK4V98BSP8;
				INFOPLIST_FILE = CanvasTests/Info.plist;
				LD_RUNPATH_SEARCH_PATHS = (
					"$(inherited)",
					"@executable_path/Frameworks",
					"@loader_path/Frameworks",
				);
				PRODUCT_BUNDLE_IDENTIFIER = patkhai.CanvasTests;
				PRODUCT_NAME = "$(TARGET_NAME)";
				SWIFT_VERSION = 4.0;
				TARGETED_DEVICE_FAMILY = "1,2";
				TEST_HOST = "$(BUILT_PRODUCTS_DIR)/Canvas.app/Canvas";
			};
			name = Debug;
		};
		34BF35C2216BF42500F474E1 /* Release */ = {
			isa = XCBuildConfiguration;
			buildSettings = {
				ALWAYS_EMBED_SWIFT_STANDARD_LIBRARIES = YES;
				BUNDLE_LOADER = "$(TEST_HOST)";
				CODE_SIGN_STYLE = Automatic;
				DEVELOPMENT_TEAM = CK4V98BSP8;
				INFOPLIST_FILE = CanvasTests/Info.plist;
				LD_RUNPATH_SEARCH_PATHS = (
					"$(inherited)",
					"@executable_path/Frameworks",
					"@loader_path/Frameworks",
				);
				PRODUCT_BUNDLE_IDENTIFIER = patkhai.CanvasTests;
				PRODUCT_NAME = "$(TARGET_NAME)";
				SWIFT_VERSION = 4.0;
				TARGETED_DEVICE_FAMILY = "1,2";
				TEST_HOST = "$(BUILT_PRODUCTS_DIR)/Canvas.app/Canvas";
			};
			name = Release;
		};
		34BF35C4216BF42500F474E1 /* Debug */ = {
			isa = XCBuildConfiguration;
			buildSettings = {
				ALWAYS_EMBED_SWIFT_STANDARD_LIBRARIES = YES;
				CODE_SIGN_STYLE = Automatic;
				DEVELOPMENT_TEAM = CK4V98BSP8;
				INFOPLIST_FILE = CanvasUITests/Info.plist;
				LD_RUNPATH_SEARCH_PATHS = (
					"$(inherited)",
					"@executable_path/Frameworks",
					"@loader_path/Frameworks",
				);
				PRODUCT_BUNDLE_IDENTIFIER = patkhai.CanvasUITests;
				PRODUCT_NAME = "$(TARGET_NAME)";
				SWIFT_VERSION = 4.0;
				TARGETED_DEVICE_FAMILY = "1,2";
				TEST_TARGET_NAME = Canvas;
			};
			name = Debug;
		};
		34BF35C5216BF42500F474E1 /* Release */ = {
			isa = XCBuildConfiguration;
			buildSettings = {
				ALWAYS_EMBED_SWIFT_STANDARD_LIBRARIES = YES;
				CODE_SIGN_STYLE = Automatic;
				DEVELOPMENT_TEAM = CK4V98BSP8;
				INFOPLIST_FILE = CanvasUITests/Info.plist;
				LD_RUNPATH_SEARCH_PATHS = (
					"$(inherited)",
					"@executable_path/Frameworks",
					"@loader_path/Frameworks",
				);
				PRODUCT_BUNDLE_IDENTIFIER = patkhai.CanvasUITests;
				PRODUCT_NAME = "$(TARGET_NAME)";
				SWIFT_VERSION = 4.0;
				TARGETED_DEVICE_FAMILY = "1,2";
				TEST_TARGET_NAME = Canvas;
			};
			name = Release;
		};
/* End XCBuildConfiguration section */

/* Begin XCConfigurationList section */
		34BF3590216BF42300F474E1 /* Build configuration list for PBXProject "Canvas" */ = {
			isa = XCConfigurationList;
			buildConfigurations = (
				34BF35BB216BF42500F474E1 /* Debug */,
				34BF35BC216BF42500F474E1 /* Release */,
			);
			defaultConfigurationIsVisible = 0;
			defaultConfigurationName = Release;
		};
		34BF35BD216BF42500F474E1 /* Build configuration list for PBXNativeTarget "Canvas" */ = {
			isa = XCConfigurationList;
			buildConfigurations = (
				34BF35BE216BF42500F474E1 /* Debug */,
				34BF35BF216BF42500F474E1 /* Release */,
			);
			defaultConfigurationIsVisible = 0;
			defaultConfigurationName = Release;
		};
		34BF35C0216BF42500F474E1 /* Build configuration list for PBXNativeTarget "CanvasTests" */ = {
			isa = XCConfigurationList;
			buildConfigurations = (
				34BF35C1216BF42500F474E1 /* Debug */,
				34BF35C2216BF42500F474E1 /* Release */,
			);
			defaultConfigurationIsVisible = 0;
			defaultConfigurationName = Release;
		};
		34BF35C3216BF42500F474E1 /* Build configuration list for PBXNativeTarget "CanvasUITests" */ = {
			isa = XCConfigurationList;
			buildConfigurations = (
				34BF35C4216BF42500F474E1 /* Debug */,
				34BF35C5216BF42500F474E1 /* Release */,
			);
			defaultConfigurationIsVisible = 0;
			defaultConfigurationName = Release;
		};
/* End XCConfigurationList section */
	};
	rootObject = 34BF358D216BF42300F474E1 /* Project object */;
}
